
Microsoft Visual Studio Solution File, Format Version 12.00
# Visual Studio 15
VisualStudioVersion = 15.0.28307.539
MinimumVisualStudioVersion = 10.0.40219.1
Project("{FAE04EC0-301F-11D3-BF4B-00C04F79EFBC}") = "WindowsFormsApplication4", "WindowsFormsApplication4\WindowsFormsApplication4.csproj", "{76427686-E64B-4673-9B8C-86B0F91A687B}"
EndProject
Project("{2150E333-8FDC-42A3-9474-1A3956D46DE8}") = "Solution Items", "Solution Items", "{7D245C44-821F-41C2-83CF-D0FC40328DFD}"
EndProject
Global
	GlobalSection(SolutionConfigurationPlatforms) = preSolution
		Debug|Any CPU = Debug|Any CPU
		Release|Any CPU = Release|Any CPU
	EndGlobalSection
	GlobalSection(ProjectConfigurationPlatforms) = postSolution
		{76427686-E64B-4673-9B8C-86B0F91A687B}.Debug|Any CPU.ActiveCfg = Debug|Any CPU
		{76427686-E64B-4673-9B8C-86B0F91A687B}.Debug|Any CPU.Build.0 = Debug|Any CPU
		{76427686-E64B-4673-9B8C-86B0F91A687B}.Release|Any CPU.ActiveCfg = Release|Any CPU
		{76427686-E64B-4673-9B8C-86B0F91A687B}.Release|Any CPU.Build.0 = Release|Any CPU
	EndGlobalSection
	GlobalSection(SolutionProperties) = preSolution
		HideSolutionNode = FALSE
	EndGlobalSection
	GlobalSection(ExtensibilityGlobals) = postSolution
		SolutionGuid = {4BFBCC89-4C48-437C-A287-1E6194E5048A}
	EndGlobalSection
EndGlobal
